
Microsoft Visual Studio Solution File, Format Version 12.00
# Visual Studio Version 17
VisualStudioVersion = 17.3.32811.315
MinimumVisualStudioVersion = 10.0.40219.1
Project("{9A19103F-16F7-4668-BE54-9A1E7A4F7556}") = "ProcurementManager", "ProcurementManager\ProcurementManager.csproj", "{D45E78D4-9FE8-44C1-B747-432A1E62633B}"
EndProject
Project("{FAE04EC0-301F-11D3-BF4B-00C04F79EFBC}") = "ProcurementManagerUltimate", "ProcurementManagerUltimate\ProcurementManagerUltimate.csproj", "{C9788960-BFA4-430B-AE5A-804A4DFF511A}"
EndProject
Global
	GlobalSection(SolutionConfigurationPlatforms) = preSolution
		Debug|Any CPU = Debug|Any CPU
		Release|Any CPU = Release|Any CPU
	EndGlobalSection
	GlobalSection(ProjectConfigurationPlatforms) = postSolution
		{D45E78D4-9FE8-44C1-B747-432A1E62633B}.Debug|Any CPU.ActiveCfg = Debug|Any CPU
		{D45E78D4-9FE8-44C1-B747-432A1E62633B}.Debug|Any CPU.Build.0 = Debug|Any CPU
		{D45E78D4-9FE8-44C1-B747-432A1E62633B}.Release|Any CPU.ActiveCfg = Release|Any CPU
		{D45E78D4-9FE8-44C1-B747-432A1E62633B}.Release|Any CPU.Build.0 = Release|Any CPU
		{C9788960-BFA4-430B-AE5A-804A4DFF511A}.Debug|Any CPU.ActiveCfg = Debug|Any CPU
		{C9788960-BFA4-430B-AE5A-804A4DFF511A}.Debug|Any CPU.Build.0 = Debug|Any CPU
		{C9788960-BFA4-430B-AE5A-804A4DFF511A}.Release|Any CPU.ActiveCfg = Release|Any CPU
		{C9788960-BFA4-430B-AE5A-804A4DFF511A}.Release|Any CPU.Build.0 = Release|Any CPU
	EndGlobalSection
	GlobalSection(SolutionProperties) = preSolution
		HideSolutionNode = FALSE
	EndGlobalSection
	GlobalSection(ExtensibilityGlobals) = postSolution
		SolutionGuid = {7D9D8E43-5500-4004-9563-B2A978071B21}
	EndGlobalSection
EndGlobal
